
Microsoft Visual Studio Solution File, Format Version 12.00
Project("{FAE04EC0-301F-11D3-BF4B-00C04F79EFBC}") = "Mattox.NServiceBus.AmazonSQS", "Mattox.NServiceBus.AmazonSQS\Mattox.NServiceBus.AmazonSQS.csproj", "{5676270E-7CF4-46E1-A349-954768282208}"
EndProject
Project("{FAE04EC0-301F-11D3-BF4B-00C04F79EFBC}") = "Mattox.NServiceBus.AmazonSQS.Tests", "Mattox.NServiceBus.AmazonSQS.Tests\Mattox.NServiceBus.AmazonSQS.Tests.csproj", "{505CD59A-E103-427A-9722-937BC65B3E80}"
EndProject
Project("{FAE04EC0-301F-11D3-BF4B-00C04F79EFBC}") = "Snippets", "Snippets\Snippets.csproj", "{7CEAA9C8-4D65-4F77-87CB-D3E690FB6950}"
EndProject
Global
	GlobalSection(SolutionConfigurationPlatforms) = preSolution
		Debug|Any CPU = Debug|Any CPU
		Release|Any CPU = Release|Any CPU
	EndGlobalSection
	GlobalSection(ProjectConfigurationPlatforms) = postSolution
		{5676270E-7CF4-46E1-A349-954768282208}.Debug|Any CPU.ActiveCfg = Debug|Any CPU
		{5676270E-7CF4-46E1-A349-954768282208}.Debug|Any CPU.Build.0 = Debug|Any CPU
		{5676270E-7CF4-46E1-A349-954768282208}.Release|Any CPU.ActiveCfg = Release|Any CPU
		{5676270E-7CF4-46E1-A349-954768282208}.Release|Any CPU.Build.0 = Release|Any CPU
		{505CD59A-E103-427A-9722-937BC65B3E80}.Debug|Any CPU.ActiveCfg = Debug|Any CPU
		{505CD59A-E103-427A-9722-937BC65B3E80}.Debug|Any CPU.Build.0 = Debug|Any CPU
		{505CD59A-E103-427A-9722-937BC65B3E80}.Release|Any CPU.ActiveCfg = Release|Any CPU
		{505CD59A-E103-427A-9722-937BC65B3E80}.Release|Any CPU.Build.0 = Release|Any CPU
		{7CEAA9C8-4D65-4F77-87CB-D3E690FB6950}.Debug|Any CPU.ActiveCfg = Debug|Any CPU
		{7CEAA9C8-4D65-4F77-87CB-D3E690FB6950}.Debug|Any CPU.Build.0 = Debug|Any CPU
		{7CEAA9C8-4D65-4F77-87CB-D3E690FB6950}.Release|Any CPU.ActiveCfg = Release|Any CPU
		{7CEAA9C8-4D65-4F77-87CB-D3E690FB6950}.Release|Any CPU.Build.0 = Release|Any CPU
	EndGlobalSection
EndGlobal
